// !$*UTF8*$!
{
	archiveVersion = 1;
	classes = {
	};
	objectVersion = 46;
	objects = {

/* Begin PBXBuildFile section */
		322D64C918B9B44B0010711A /* TRVSListing.m in Sources */ = {isa = PBXBuildFile; fileRef = 322D64C818B9B44B0010711A /* TRVSListing.m */; };
		322D64CC18B9B5AE0010711A /* TRVSListingViewController.m in Sources */ = {isa = PBXBuildFile; fileRef = 322D64CB18B9B5AE0010711A /* TRVSListingViewController.m */; };
		3270BF7818B482AE003EF606 /* TRVSUser.m in Sources */ = {isa = PBXBuildFile; fileRef = 3270BF7718B482AE003EF606 /* TRVSUser.m */; };
		32D194E118AD973B0049BDFF /* Foundation.framework in Frameworks */ = {isa = PBXBuildFile; fileRef = 32D194E018AD973B0049BDFF /* Foundation.framework */; };
		32D194E318AD973B0049BDFF /* CoreGraphics.framework in Frameworks */ = {isa = PBXBuildFile; fileRef = 32D194E218AD973B0049BDFF /* CoreGraphics.framework */; };
		32D194E518AD973B0049BDFF /* UIKit.framework in Frameworks */ = {isa = PBXBuildFile; fileRef = 32D194E418AD973B0049BDFF /* UIKit.framework */; };
		32D194EB18AD973B0049BDFF /* InfoPlist.strings in Resources */ = {isa = PBXBuildFile; fileRef = 32D194E918AD973B0049BDFF /* InfoPlist.strings */; };
		32D194ED18AD973B0049BDFF /* main.m in Sources */ = {isa = PBXBuildFile; fileRef = 32D194EC18AD973B0049BDFF /* main.m */; };
		32D194F118AD973B0049BDFF /* TRVSAppDelegate.m in Sources */ = {isa = PBXBuildFile; fileRef = 32D194F018AD973B0049BDFF /* TRVSAppDelegate.m */; };
		32D194F318AD973B0049BDFF /* Images.xcassets in Resources */ = {isa = PBXBuildFile; fileRef = 32D194F218AD973B0049BDFF /* Images.xcassets */; };
		32D194FA18AD973B0049BDFF /* XCTest.framework in Frameworks */ = {isa = PBXBuildFile; fileRef = 32D194F918AD973B0049BDFF /* XCTest.framework */; };
		32D194FB18AD973B0049BDFF /* Foundation.framework in Frameworks */ = {isa = PBXBuildFile; fileRef = 32D194E018AD973B0049BDFF /* Foundation.framework */; };
		32D194FC18AD973B0049BDFF /* UIKit.framework in Frameworks */ = {isa = PBXBuildFile; fileRef = 32D194E418AD973B0049BDFF /* UIKit.framework */; };
		32D1950418AD973B0049BDFF /* InfoPlist.strings in Resources */ = {isa = PBXBuildFile; fileRef = 32D1950218AD973B0049BDFF /* InfoPlist.strings */; };
		32D1950618AD973B0049BDFF /* RedditTests.m in Sources */ = {isa = PBXBuildFile; fileRef = 32D1950518AD973B0049BDFF /* RedditTests.m */; };
		32D1951118AD97670049BDFF /* TRVSSubredditViewController.m in Sources */ = {isa = PBXBuildFile; fileRef = 32D1951018AD97670049BDFF /* TRVSSubredditViewController.m */; };
		32D1951418AD97770049BDFF /* TRVSSubreddit.m in Sources */ = {isa = PBXBuildFile; fileRef = 32D1951318AD97770049BDFF /* TRVSSubreddit.m */; };
		32D1951718AD97A10049BDFF /* TRVSModel.m in Sources */ = {isa = PBXBuildFile; fileRef = 32D1951618AD97A10049BDFF /* TRVSModel.m */; };
		32D1951A18AD98090049BDFF /* TRVSRedditAPIClient.m in Sources */ = {isa = PBXBuildFile; fileRef = 32D1951918AD98090049BDFF /* TRVSRedditAPIClient.m */; };
		32D1951D18AEB7070049BDFF /* TRVSLoginViewController.m in Sources */ = {isa = PBXBuildFile; fileRef = 32D1951C18AEB7070049BDFF /* TRVSLoginViewController.m */; };
		32D1952018AEC4490049BDFF /* TRVSLoginView.m in Sources */ = {isa = PBXBuildFile; fileRef = 32D1951F18AEC4490049BDFF /* TRVSLoginView.m */; };
		95BF527EA86F47B0897A2586 /* libPods.a in Frameworks */ = {isa = PBXBuildFile; fileRef = DC5E432909A24FF082991DC3 /* libPods.a */; };
/* End PBXBuildFile section */

/* Begin PBXContainerItemProxy section */
		32D194FD18AD973B0049BDFF /* PBXContainerItemProxy */ = {
			isa = PBXContainerItemProxy;
			containerPortal = 32D194D518AD973B0049BDFF /* Project object */;
			proxyType = 1;
			remoteGlobalIDString = 32D194DC18AD973B0049BDFF;
			remoteInfo = Reddit;
		};
/* End PBXContainerItemProxy section */

/* Begin PBXFileReference section */
		322D64C718B9B44B0010711A /* TRVSListing.h */ = {isa = PBXFileReference; fileEncoding = 4; lastKnownFileType = sourcecode.c.h; path = TRVSListing.h; sourceTree = "<group>"; };
		322D64C818B9B44B0010711A /* TRVSListing.m */ = {isa = PBXFileReference; fileEncoding = 4; lastKnownFileType = sourcecode.c.objc; path = TRVSListing.m; sourceTree = "<group>"; };
		322D64CA18B9B5AE0010711A /* TRVSListingViewController.h */ = {isa = PBXFileReference; fileEncoding = 4; lastKnownFileType = sourcecode.c.h; path = TRVSListingViewController.h; sourceTree = "<group>"; };
		322D64CB18B9B5AE0010711A /* TRVSListingViewController.m */ = {isa = PBXFileReference; fileEncoding = 4; lastKnownFileType = sourcecode.c.objc; path = TRVSListingViewController.m; sourceTree = "<group>"; };
		3270BF7618B482AE003EF606 /* TRVSUser.h */ = {isa = PBXFileReference; fileEncoding = 4; lastKnownFileType = sourcecode.c.h; path = TRVSUser.h; sourceTree = "<group>"; };
		3270BF7718B482AE003EF606 /* TRVSUser.m */ = {isa = PBXFileReference; fileEncoding = 4; lastKnownFileType = sourcecode.c.objc; path = TRVSUser.m; sourceTree = "<group>"; };
		32D194DD18AD973B0049BDFF /* Reddit.app */ = {isa = PBXFileReference; explicitFileType = wrapper.application; includeInIndex = 0; path = Reddit.app; sourceTree = BUILT_PRODUCTS_DIR; };
		32D194E018AD973B0049BDFF /* Foundation.framework */ = {isa = PBXFileReference; lastKnownFileType = wrapper.framework; name = Foundation.framework; path = System/Library/Frameworks/Foundation.framework; sourceTree = SDKROOT; };
		32D194E218AD973B0049BDFF /* CoreGraphics.framework */ = {isa = PBXFileReference; lastKnownFileType = wrapper.framework; name = CoreGraphics.framework; path = System/Library/Frameworks/CoreGraphics.framework; sourceTree = SDKROOT; };
		32D194E418AD973B0049BDFF /* UIKit.framework */ = {isa = PBXFileReference; lastKnownFileType = wrapper.framework; name = UIKit.framework; path = System/Library/Frameworks/UIKit.framework; sourceTree = SDKROOT; };
		32D194E818AD973B0049BDFF /* Reddit-Info.plist */ = {isa = PBXFileReference; lastKnownFileType = text.plist.xml; path = "Reddit-Info.plist"; sourceTree = "<group>"; };
		32D194EA18AD973B0049BDFF /* en */ = {isa = PBXFileReference; lastKnownFileType = text.plist.strings; name = en; path = en.lproj/InfoPlist.strings; sourceTree = "<group>"; };
		32D194EC18AD973B0049BDFF /* main.m */ = {isa = PBXFileReference; lastKnownFileType = sourcecode.c.objc; path = main.m; sourceTree = "<group>"; };
		32D194EE18AD973B0049BDFF /* Reddit-Prefix.pch */ = {isa = PBXFileReference; lastKnownFileType = sourcecode.c.h; path = "Reddit-Prefix.pch"; sourceTree = "<group>"; };
		32D194EF18AD973B0049BDFF /* TRVSAppDelegate.h */ = {isa = PBXFileReference; lastKnownFileType = sourcecode.c.h; path = TRVSAppDelegate.h; sourceTree = "<group>"; };
		32D194F018AD973B0049BDFF /* TRVSAppDelegate.m */ = {isa = PBXFileReference; lastKnownFileType = sourcecode.c.objc; path = TRVSAppDelegate.m; sourceTree = "<group>"; };
		32D194F218AD973B0049BDFF /* Images.xcassets */ = {isa = PBXFileReference; lastKnownFileType = folder.assetcatalog; path = Images.xcassets; sourceTree = "<group>"; };
		32D194F818AD973B0049BDFF /* RedditTests.xctest */ = {isa = PBXFileReference; explicitFileType = wrapper.cfbundle; includeInIndex = 0; path = RedditTests.xctest; sourceTree = BUILT_PRODUCTS_DIR; };
		32D194F918AD973B0049BDFF /* XCTest.framework */ = {isa = PBXFileReference; lastKnownFileType = wrapper.framework; name = XCTest.framework; path = Library/Frameworks/XCTest.framework; sourceTree = DEVELOPER_DIR; };
		32D1950118AD973B0049BDFF /* RedditTests-Info.plist */ = {isa = PBXFileReference; lastKnownFileType = text.plist.xml; path = "RedditTests-Info.plist"; sourceTree = "<group>"; };
		32D1950318AD973B0049BDFF /* en */ = {isa = PBXFileReference; lastKnownFileType = text.plist.strings; name = en; path = en.lproj/InfoPlist.strings; sourceTree = "<group>"; };
		32D1950518AD973B0049BDFF /* RedditTests.m */ = {isa = PBXFileReference; lastKnownFileType = sourcecode.c.objc; path = RedditTests.m; sourceTree = "<group>"; };
		32D1950F18AD97670049BDFF /* TRVSSubredditViewController.h */ = {isa = PBXFileReference; fileEncoding = 4; lastKnownFileType = sourcecode.c.h; path = TRVSSubredditViewController.h; sourceTree = "<group>"; };
		32D1951018AD97670049BDFF /* TRVSSubredditViewController.m */ = {isa = PBXFileReference; fileEncoding = 4; lastKnownFileType = sourcecode.c.objc; path = TRVSSubredditViewController.m; sourceTree = "<group>"; };
		32D1951218AD97770049BDFF /* TRVSSubreddit.h */ = {isa = PBXFileReference; fileEncoding = 4; lastKnownFileType = sourcecode.c.h; path = TRVSSubreddit.h; sourceTree = "<group>"; };
		32D1951318AD97770049BDFF /* TRVSSubreddit.m */ = {isa = PBXFileReference; fileEncoding = 4; lastKnownFileType = sourcecode.c.objc; path = TRVSSubreddit.m; sourceTree = "<group>"; };
		32D1951518AD97A10049BDFF /* TRVSModel.h */ = {isa = PBXFileReference; fileEncoding = 4; lastKnownFileType = sourcecode.c.h; path = TRVSModel.h; sourceTree = "<group>"; };
		32D1951618AD97A10049BDFF /* TRVSModel.m */ = {isa = PBXFileReference; fileEncoding = 4; lastKnownFileType = sourcecode.c.objc; path = TRVSModel.m; sourceTree = "<group>"; };
		32D1951818AD98090049BDFF /* TRVSRedditAPIClient.h */ = {isa = PBXFileReference; fileEncoding = 4; lastKnownFileType = sourcecode.c.h; path = TRVSRedditAPIClient.h; sourceTree = "<group>"; };
		32D1951918AD98090049BDFF /* TRVSRedditAPIClient.m */ = {isa = PBXFileReference; fileEncoding = 4; lastKnownFileType = sourcecode.c.objc; path = TRVSRedditAPIClient.m; sourceTree = "<group>"; };
		32D1951B18AEB7070049BDFF /* TRVSLoginViewController.h */ = {isa = PBXFileReference; fileEncoding = 4; lastKnownFileType = sourcecode.c.h; path = TRVSLoginViewController.h; sourceTree = "<group>"; };
		32D1951C18AEB7070049BDFF /* TRVSLoginViewController.m */ = {isa = PBXFileReference; fileEncoding = 4; lastKnownFileType = sourcecode.c.objc; path = TRVSLoginViewController.m; sourceTree = "<group>"; };
		32D1951E18AEC4490049BDFF /* TRVSLoginView.h */ = {isa = PBXFileReference; fileEncoding = 4; lastKnownFileType = sourcecode.c.h; path = TRVSLoginView.h; sourceTree = "<group>"; };
		32D1951F18AEC4490049BDFF /* TRVSLoginView.m */ = {isa = PBXFileReference; fileEncoding = 4; lastKnownFileType = sourcecode.c.objc; path = TRVSLoginView.m; sourceTree = "<group>"; };
		3E78296AC0DF4275B1A4C62B /* Pods.xcconfig */ = {isa = PBXFileReference; includeInIndex = 1; lastKnownFileType = text.xcconfig; name = Pods.xcconfig; path = Pods/Pods.xcconfig; sourceTree = "<group>"; };
		DC5E432909A24FF082991DC3 /* libPods.a */ = {isa = PBXFileReference; explicitFileType = archive.ar; includeInIndex = 0; path = libPods.a; sourceTree = BUILT_PRODUCTS_DIR; };
/* End PBXFileReference section */

/* Begin PBXFrameworksBuildPhase section */
		32D194DA18AD973B0049BDFF /* Frameworks */ = {
			isa = PBXFrameworksBuildPhase;
			buildActionMask = 2147483647;
			files = (
				32D194E318AD973B0049BDFF /* CoreGraphics.framework in Frameworks */,
				32D194E518AD973B0049BDFF /* UIKit.framework in Frameworks */,
				32D194E118AD973B0049BDFF /* Foundation.framework in Frameworks */,
				95BF527EA86F47B0897A2586 /* libPods.a in Frameworks */,
			);
			runOnlyForDeploymentPostprocessing = 0;
		};
		32D194F518AD973B0049BDFF /* Frameworks */ = {
			isa = PBXFrameworksBuildPhase;
			buildActionMask = 2147483647;
			files = (
				32D194FA18AD973B0049BDFF /* XCTest.framework in Frameworks */,
				32D194FC18AD973B0049BDFF /* UIKit.framework in Frameworks */,
				32D194FB18AD973B0049BDFF /* Foundation.framework in Frameworks */,
			);
			runOnlyForDeploymentPostprocessing = 0;
		};
/* End PBXFrameworksBuildPhase section */

/* Begin PBXGroup section */
		322D64BD18B85E020010711A /* View Controllers */ = {
			isa = PBXGroup;
			children = (
				32D1950F18AD97670049BDFF /* TRVSSubredditViewController.h */,
				32D1951018AD97670049BDFF /* TRVSSubredditViewController.m */,
				32D1951B18AEB7070049BDFF /* TRVSLoginViewController.h */,
				32D1951C18AEB7070049BDFF /* TRVSLoginViewController.m */,
				322D64CA18B9B5AE0010711A /* TRVSListingViewController.h */,
				322D64CB18B9B5AE0010711A /* TRVSListingViewController.m */,
			);
			name = "View Controllers";
			sourceTree = "<group>";
		};
		322D64BE18B85E150010711A /* Models */ = {
			isa = PBXGroup;
			children = (
				32D1951518AD97A10049BDFF /* TRVSModel.h */,
				32D1951618AD97A10049BDFF /* TRVSModel.m */,
				32D1951218AD97770049BDFF /* TRVSSubreddit.h */,
				32D1951318AD97770049BDFF /* TRVSSubreddit.m */,
				3270BF7618B482AE003EF606 /* TRVSUser.h */,
				3270BF7718B482AE003EF606 /* TRVSUser.m */,
				322D64C718B9B44B0010711A /* TRVSListing.h */,
				322D64C818B9B44B0010711A /* TRVSListing.m */,
			);
			name = Models;
			sourceTree = "<group>";
		};
		322D64BF18B85E1C0010711A /* Views */ = {
			isa = PBXGroup;
			children = (
				32D1951E18AEC4490049BDFF /* TRVSLoginView.h */,
				32D1951F18AEC4490049BDFF /* TRVSLoginView.m */,
			);
			name = Views;
			sourceTree = "<group>";
		};
		322D64C618B9B11A0010711A /* API */ = {
			isa = PBXGroup;
			children = (
				32D1951818AD98090049BDFF /* TRVSRedditAPIClient.h */,
				32D1951918AD98090049BDFF /* TRVSRedditAPIClient.m */,
			);
			name = API;
			sourceTree = "<group>";
		};
		32D194D418AD973B0049BDFF = {
			isa = PBXGroup;
			children = (
				32D194E618AD973B0049BDFF /* Reddit */,
				32D194FF18AD973B0049BDFF /* RedditTests */,
				32D194DF18AD973B0049BDFF /* Frameworks */,
				32D194DE18AD973B0049BDFF /* Products */,
				3E78296AC0DF4275B1A4C62B /* Pods.xcconfig */,
			);
			sourceTree = "<group>";
		};
		32D194DE18AD973B0049BDFF /* Products */ = {
			isa = PBXGroup;
			children = (
				32D194DD18AD973B0049BDFF /* Reddit.app */,
				32D194F818AD973B0049BDFF /* RedditTests.xctest */,
			);
			name = Products;
			sourceTree = "<group>";
		};
		32D194DF18AD973B0049BDFF /* Frameworks */ = {
			isa = PBXGroup;
			children = (
				32D194E018AD973B0049BDFF /* Foundation.framework */,
				32D194E218AD973B0049BDFF /* CoreGraphics.framework */,
				32D194E418AD973B0049BDFF /* UIKit.framework */,
				32D194F918AD973B0049BDFF /* XCTest.framework */,
				DC5E432909A24FF082991DC3 /* libPods.a */,
			);
			name = Frameworks;
			sourceTree = "<group>";
		};
		32D194E618AD973B0049BDFF /* Reddit */ = {
			isa = PBXGroup;
			children = (
				32D194EF18AD973B0049BDFF /* TRVSAppDelegate.h */,
				32D194F018AD973B0049BDFF /* TRVSAppDelegate.m */,
				322D64BD18B85E020010711A /* View Controllers */,
				322D64BE18B85E150010711A /* Models */,
				322D64BF18B85E1C0010711A /* Views */,
				322D64C618B9B11A0010711A /* API */,
				32D194F218AD973B0049BDFF /* Images.xcassets */,
				32D194E718AD973B0049BDFF /* Supporting Files */,
			);
			path = Reddit;
			sourceTree = "<group>";
		};
		32D194E718AD973B0049BDFF /* Supporting Files */ = {
			isa = PBXGroup;
			children = (
				32D194E818AD973B0049BDFF /* Reddit-Info.plist */,
				32D194E918AD973B0049BDFF /* InfoPlist.strings */,
				32D194EC18AD973B0049BDFF /* main.m */,
				32D194EE18AD973B0049BDFF /* Reddit-Prefix.pch */,
			);
			name = "Supporting Files";
			sourceTree = "<group>";
		};
		32D194FF18AD973B0049BDFF /* RedditTests */ = {
			isa = PBXGroup;
			children = (
				32D1950518AD973B0049BDFF /* RedditTests.m */,
				32D1950018AD973B0049BDFF /* Supporting Files */,
			);
			path = RedditTests;
			sourceTree = "<group>";
		};
		32D1950018AD973B0049BDFF /* Supporting Files */ = {
			isa = PBXGroup;
			children = (
				32D1950118AD973B0049BDFF /* RedditTests-Info.plist */,
				32D1950218AD973B0049BDFF /* InfoPlist.strings */,
			);
			name = "Supporting Files";
			sourceTree = "<group>";
		};
/* End PBXGroup section */

/* Begin PBXNativeTarget section */
		32D194DC18AD973B0049BDFF /* Reddit */ = {
			isa = PBXNativeTarget;
			buildConfigurationList = 32D1950918AD973B0049BDFF /* Build configuration list for PBXNativeTarget "Reddit" */;
			buildPhases = (
				ED448AB7DBC44F8199CA0314 /* Check Pods Manifest.lock */,
				32D194D918AD973B0049BDFF /* Sources */,
				32D194DA18AD973B0049BDFF /* Frameworks */,
				32D194DB18AD973B0049BDFF /* Resources */,
				6021060A47E945B893B35C90 /* Copy Pods Resources */,
			);
			buildRules = (
			);
			dependencies = (
			);
			name = Reddit;
			productName = Reddit;
			productReference = 32D194DD18AD973B0049BDFF /* Reddit.app */;
			productType = "com.apple.product-type.application";
		};
		32D194F718AD973B0049BDFF /* RedditTests */ = {
			isa = PBXNativeTarget;
			buildConfigurationList = 32D1950C18AD973B0049BDFF /* Build configuration list for PBXNativeTarget "RedditTests" */;
			buildPhases = (
				32D194F418AD973B0049BDFF /* Sources */,
				32D194F518AD973B0049BDFF /* Frameworks */,
				32D194F618AD973B0049BDFF /* Resources */,
			);
			buildRules = (
			);
			dependencies = (
				32D194FE18AD973B0049BDFF /* PBXTargetDependency */,
			);
			name = RedditTests;
			productName = RedditTests;
			productReference = 32D194F818AD973B0049BDFF /* RedditTests.xctest */;
			productType = "com.apple.product-type.bundle.unit-test";
		};
/* End PBXNativeTarget section */

/* Begin PBXProject section */
		32D194D518AD973B0049BDFF /* Project object */ = {
			isa = PBXProject;
			attributes = {
				CLASSPREFIX = TRVS;
				LastUpgradeCheck = 0510;
				ORGANIZATIONNAME = "Travis Jeffery";
				TargetAttributes = {
					32D194F718AD973B0049BDFF = {
						TestTargetID = 32D194DC18AD973B0049BDFF;
					};
				};
			};
			buildConfigurationList = 32D194D818AD973B0049BDFF /* Build configuration list for PBXProject "Reddit" */;
			compatibilityVersion = "Xcode 3.2";
			developmentRegion = English;
			hasScannedForEncodings = 0;
			knownRegions = (
				en,
			);
			mainGroup = 32D194D418AD973B0049BDFF;
			productRefGroup = 32D194DE18AD973B0049BDFF /* Products */;
			projectDirPath = "";
			projectRoot = "";
			targets = (
				32D194DC18AD973B0049BDFF /* Reddit */,
				32D194F718AD973B0049BDFF /* RedditTests */,
			);
		};
/* End PBXProject section */

/* Begin PBXResourcesBuildPhase section */
		32D194DB18AD973B0049BDFF /* Resources */ = {
			isa = PBXResourcesBuildPhase;
			buildActionMask = 2147483647;
			files = (
				32D194EB18AD973B0049BDFF /* InfoPlist.strings in Resources */,
				32D194F318AD973B0049BDFF /* Images.xcassets in Resources */,
			);
			runOnlyForDeploymentPostprocessing = 0;
		};
		32D194F618AD973B0049BDFF /* Resources */ = {
			isa = PBXResourcesBuildPhase;
			buildActionMask = 2147483647;
			files = (
				32D1950418AD973B0049BDFF /* InfoPlist.strings in Resources */,
			);
			runOnlyForDeploymentPostprocessing = 0;
		};
/* End PBXResourcesBuildPhase section */

/* Begin PBXShellScriptBuildPhase section */
		6021060A47E945B893B35C90 /* Copy Pods Resources */ = {
			isa = PBXShellScriptBuildPhase;
			buildActionMask = 2147483647;
			files = (
			);
			inputPaths = (
			);
			name = "Copy Pods Resources";
			outputPaths = (
			);
			runOnlyForDeploymentPostprocessing = 0;
			shellPath = /bin/sh;
			shellScript = "\"${SRCROOT}/Pods/Pods-resources.sh\"\n";
			showEnvVarsInLog = 0;
		};
		ED448AB7DBC44F8199CA0314 /* Check Pods Manifest.lock */ = {
			isa = PBXShellScriptBuildPhase;
			buildActionMask = 2147483647;
			files = (
			);
			inputPaths = (
			);
			name = "Check Pods Manifest.lock";
			outputPaths = (
			);
			runOnlyForDeploymentPostprocessing = 0;
			shellPath = /bin/sh;
			shellScript = "diff \"${PODS_ROOT}/../Podfile.lock\" \"${PODS_ROOT}/Manifest.lock\" > /dev/null\nif [[ $? != 0 ]] ; then\n    cat << EOM\nerror: The sandbox is not in sync with the Podfile.lock. Run 'pod install' or update your CocoaPods installation.\nEOM\n    exit 1\nfi\n";
			showEnvVarsInLog = 0;
		};
/* End PBXShellScriptBuildPhase section */

/* Begin PBXSourcesBuildPhase section */
		32D194D918AD973B0049BDFF /* Sources */ = {
			isa = PBXSourcesBuildPhase;
			buildActionMask = 2147483647;
			files = (
				32D1951D18AEB7070049BDFF /* TRVSLoginViewController.m in Sources */,
				3270BF7818B482AE003EF606 /* TRVSUser.m in Sources */,
				32D1951718AD97A10049BDFF /* TRVSModel.m in Sources */,
				32D194ED18AD973B0049BDFF /* main.m in Sources */,
				322D64CC18B9B5AE0010711A /* TRVSListingViewController.m in Sources */,
				32D1951A18AD98090049BDFF /* TRVSRedditAPIClient.m in Sources */,
				32D1951118AD97670049BDFF /* TRVSSubredditViewController.m in Sources */,
				32D1952018AEC4490049BDFF /* TRVSLoginView.m in Sources */,
				322D64C918B9B44B0010711A /* TRVSListing.m in Sources */,
				32D194F118AD973B0049BDFF /* TRVSAppDelegate.m in Sources */,
				32D1951418AD97770049BDFF /* TRVSSubreddit.m in Sources */,
			);
			runOnlyForDeploymentPostprocessing = 0;
		};
		32D194F418AD973B0049BDFF /* Sources */ = {
			isa = PBXSourcesBuildPhase;
			buildActionMask = 2147483647;
			files = (
				32D1950618AD973B0049BDFF /* RedditTests.m in Sources */,
			);
			runOnlyForDeploymentPostprocessing = 0;
		};
/* End PBXSourcesBuildPhase section */

/* Begin PBXTargetDependency section */
		32D194FE18AD973B0049BDFF /* PBXTargetDependency */ = {
			isa = PBXTargetDependency;
			target = 32D194DC18AD973B0049BDFF /* Reddit */;
			targetProxy = 32D194FD18AD973B0049BDFF /* PBXContainerItemProxy */;
		};
/* End PBXTargetDependency section */

/* Begin PBXVariantGroup section */
		32D194E918AD973B0049BDFF /* InfoPlist.strings */ = {
			isa = PBXVariantGroup;
			children = (
				32D194EA18AD973B0049BDFF /* en */,
			);
			name = InfoPlist.strings;
			sourceTree = "<group>";
		};
		32D1950218AD973B0049BDFF /* InfoPlist.strings */ = {
			isa = PBXVariantGroup;
			children = (
				32D1950318AD973B0049BDFF /* en */,
			);
			name = InfoPlist.strings;
			sourceTree = "<group>";
		};
/* End PBXVariantGroup section */

/* Begin XCBuildConfiguration section */
		32D1950718AD973B0049BDFF /* Debug */ = {
			isa = XCBuildConfiguration;
			buildSettings = {
				ALWAYS_SEARCH_USER_PATHS = NO;
				ARCHS = "$(ARCHS_STANDARD_INCLUDING_64_BIT)";
				CLANG_CXX_LANGUAGE_STANDARD = "gnu++0x";
				CLANG_CXX_LIBRARY = "libc++";
				CLANG_ENABLE_MODULES = YES;
				CLANG_ENABLE_OBJC_ARC = YES;
				CLANG_WARN_BOOL_CONVERSION = YES;
				CLANG_WARN_CONSTANT_CONVERSION = YES;
				CLANG_WARN_DIRECT_OBJC_ISA_USAGE = YES_ERROR;
				CLANG_WARN_EMPTY_BODY = YES;
				CLANG_WARN_ENUM_CONVERSION = YES;
				CLANG_WARN_INT_CONVERSION = YES;
				CLANG_WARN_OBJC_ROOT_CLASS = YES_ERROR;
				CLANG_WARN__DUPLICATE_METHOD_MATCH = YES;
				"CODE_SIGN_IDENTITY[sdk=iphoneos*]" = "iPhone Developer";
				COPY_PHASE_STRIP = NO;
				GCC_C_LANGUAGE_STANDARD = gnu99;
				GCC_DYNAMIC_NO_PIC = NO;
				GCC_OPTIMIZATION_LEVEL = 0;
				GCC_PREPROCESSOR_DEFINITIONS = (
					"DEBUG=1",
					"$(inherited)",
				);
				GCC_SYMBOLS_PRIVATE_EXTERN = NO;
				GCC_WARN_64_TO_32_BIT_CONVERSION = YES;
				GCC_WARN_ABOUT_RETURN_TYPE = YES_ERROR;
				GCC_WARN_UNDECLARED_SELECTOR = YES;
				GCC_WARN_UNINITIALIZED_AUTOS = YES_AGGRESSIVE;
				GCC_WARN_UNUSED_FUNCTION = YES;
				GCC_WARN_UNUSED_VARIABLE = YES;
				IPHONEOS_DEPLOYMENT_TARGET = 7.1;
				ONLY_ACTIVE_ARCH = YES;
				SDKROOT = iphoneos;
			};
			name = Debug;
		};
		32D1950818AD973B0049BDFF /* Release */ = {
			isa = XCBuildConfiguration;
			buildSettings = {
				ALWAYS_SEARCH_USER_PATHS = NO;
				ARCHS = "$(ARCHS_STANDARD_INCLUDING_64_BIT)";
				CLANG_CXX_LANGUAGE_STANDARD = "gnu++0x";
				CLANG_CXX_LIBRARY = "libc++";
				CLANG_ENABLE_MODULES = YES;
				CLANG_ENABLE_OBJC_ARC = YES;
				CLANG_WARN_BOOL_CONVERSION = YES;
				CLANG_WARN_CONSTANT_CONVERSION = YES;
				CLANG_WARN_DIRECT_OBJC_ISA_USAGE = YES_ERROR;
				CLANG_WARN_EMPTY_BODY = YES;
				CLANG_WARN_ENUM_CONVERSION = YES;
				CLANG_WARN_INT_CONVERSION = YES;
				CLANG_WARN_OBJC_ROOT_CLASS = YES_ERROR;
				CLANG_WARN__DUPLICATE_METHOD_MATCH = YES;
				"CODE_SIGN_IDENTITY[sdk=iphoneos*]" = "iPhone Developer";
				COPY_PHASE_STRIP = YES;
				ENABLE_NS_ASSERTIONS = NO;
				GCC_C_LANGUAGE_STANDARD = gnu99;
				GCC_WARN_64_TO_32_BIT_CONVERSION = YES;
				GCC_WARN_ABOUT_RETURN_TYPE = YES_ERROR;
				GCC_WARN_UNDECLARED_SELECTOR = YES;
				GCC_WARN_UNINITIALIZED_AUTOS = YES_AGGRESSIVE;
				GCC_WARN_UNUSED_FUNCTION = YES;
				GCC_WARN_UNUSED_VARIABLE = YES;
				IPHONEOS_DEPLOYMENT_TARGET = 7.1;
				SDKROOT = iphoneos;
				VALIDATE_PRODUCT = YES;
			};
			name = Release;
		};
		32D1950A18AD973B0049BDFF /* Debug */ = {
			isa = XCBuildConfiguration;
			baseConfigurationReference = 3E78296AC0DF4275B1A4C62B /* Pods.xcconfig */;
			buildSettings = {
				ASSETCATALOG_COMPILER_APPICON_NAME = AppIcon;
				ASSETCATALOG_COMPILER_LAUNCHIMAGE_NAME = LaunchImage;
				GCC_PRECOMPILE_PREFIX_HEADER = YES;
				GCC_PREFIX_HEADER = "Reddit/Reddit-Prefix.pch";
				INFOPLIST_FILE = "Reddit/Reddit-Info.plist";
				PRODUCT_NAME = "$(TARGET_NAME)";
				WRAPPER_EXTENSION = app;
			};
			name = Debug;
		};
		32D1950B18AD973B0049BDFF /* Release */ = {
			isa = XCBuildConfiguration;
			baseConfigurationReference = 3E78296AC0DF4275B1A4C62B /* Pods.xcconfig */;
			buildSettings = {
				ASSETCATALOG_COMPILER_APPICON_NAME = AppIcon;
				ASSETCATALOG_COMPILER_LAUNCHIMAGE_NAME = LaunchImage;
				GCC_PRECOMPILE_PREFIX_HEADER = YES;
				GCC_PREFIX_HEADER = "Reddit/Reddit-Prefix.pch";
				INFOPLIST_FILE = "Reddit/Reddit-Info.plist";
				PRODUCT_NAME = "$(TARGET_NAME)";
				WRAPPER_EXTENSION = app;
			};
			name = Release;
		};
		32D1950D18AD973B0049BDFF /* Debug */ = {
			isa = XCBuildConfiguration;
			buildSettings = {
				ARCHS = "$(ARCHS_STANDARD_INCLUDING_64_BIT)";
				BUNDLE_LOADER = "$(BUILT_PRODUCTS_DIR)/Reddit.app/Reddit";
				FRAMEWORK_SEARCH_PATHS = (
					"$(SDKROOT)/Developer/Library/Frameworks",
					"$(inherited)",
					"$(DEVELOPER_FRAMEWORKS_DIR)",
				);
				GCC_PRECOMPILE_PREFIX_HEADER = YES;
				GCC_PREFIX_HEADER = "Reddit/Reddit-Prefix.pch";
				GCC_PREPROCESSOR_DEFINITIONS = (
					"DEBUG=1",
					"$(inherited)",
				);
				INFOPLIST_FILE = "RedditTests/RedditTests-Info.plist";
				PRODUCT_NAME = "$(TARGET_NAME)";
				TEST_HOST = "$(BUNDLE_LOADER)";
				WRAPPER_EXTENSION = xctest;
			};
			name = Debug;
		};
		32D1950E18AD973B0049BDFF /* Release */ = {
			isa = XCBuildConfiguration;
			buildSettings = {
				ARCHS = "$(ARCHS_STANDARD_INCLUDING_64_BIT)";
				BUNDLE_LOADER = "$(BUILT_PRODUCTS_DIR)/Reddit.app/Reddit";
				FRAMEWORK_SEARCH_PATHS = (
					"$(SDKROOT)/Developer/Library/Frameworks",
					"$(inherited)",
					"$(DEVELOPER_FRAMEWORKS_DIR)",
				);
				GCC_PRECOMPILE_PREFIX_HEADER = YES;
				GCC_PREFIX_HEADER = "Reddit/Reddit-Prefix.pch";
				INFOPLIST_FILE = "RedditTests/RedditTests-Info.plist";
				PRODUCT_NAME = "$(TARGET_NAME)";
				TEST_HOST = "$(BUNDLE_LOADER)";
				WRAPPER_EXTENSION = xctest;
			};
			name = Release;
		};
/* End XCBuildConfiguration section */

/* Begin XCConfigurationList section */
		32D194D818AD973B0049BDFF /* Build configuration list for PBXProject "Reddit" */ = {
			isa = XCConfigurationList;
			buildConfigurations = (
				32D1950718AD973B0049BDFF /* Debug */,
				32D1950818AD973B0049BDFF /* Release */,
			);
			defaultConfigurationIsVisible = 0;
			defaultConfigurationName = Release;
		};
		32D1950918AD973B0049BDFF /* Build configuration list for PBXNativeTarget "Reddit" */ = {
			isa = XCConfigurationList;
			buildConfigurations = (
				32D1950A18AD973B0049BDFF /* Debug */,
				32D1950B18AD973B0049BDFF /* Release */,
			);
			defaultConfigurationIsVisible = 0;
			defaultConfigurationName = Release;
		};
		32D1950C18AD973B0049BDFF /* Build configuration list for PBXNativeTarget "RedditTests" */ = {
			isa = XCConfigurationList;
			buildConfigurations = (
				32D1950D18AD973B0049BDFF /* Debug */,
				32D1950E18AD973B0049BDFF /* Release */,
			);
			defaultConfigurationIsVisible = 0;
			defaultConfigurationName = Release;
		};
/* End XCConfigurationList section */
	};
	rootObject = 32D194D518AD973B0049BDFF /* Project object */;
}
